
Microsoft Visual Studio Solution File, Format Version 12.00
# Visual Studio Version 17
VisualStudioVersion = 17.1.32421.90
MinimumVisualStudioVersion = 10.0.40219.1
Project("{FAE04EC0-301F-11D3-BF4B-00C04F79EFBC}") = "DockerEngineApiClient", "DockerEngineApiClient\DockerEngineApiClient.csproj", "{E4F7A95F-47C7-489A-BEBD-F19FC971B2E5}"
EndProject
Global
	GlobalSection(SolutionConfigurationPlatforms) = preSolution
		Debug|Any CPU = Debug|Any CPU
		Release|Any CPU = Release|Any CPU
	EndGlobalSection
	GlobalSection(ProjectConfigurationPlatforms) = postSolution
		{E4F7A95F-47C7-489A-BEBD-F19FC971B2E5}.Debug|Any CPU.ActiveCfg = Debug|Any CPU
		{E4F7A95F-47C7-489A-BEBD-F19FC971B2E5}.Debug|Any CPU.Build.0 = Debug|Any CPU
		{E4F7A95F-47C7-489A-BEBD-F19FC971B2E5}.Release|Any CPU.ActiveCfg = Release|Any CPU
		{E4F7A95F-47C7-489A-BEBD-F19FC971B2E5}.Release|Any CPU.Build.0 = Release|Any CPU
	EndGlobalSection
	GlobalSection(SolutionProperties) = preSolution
		HideSolutionNode = FALSE
	EndGlobalSection
	GlobalSection(ExtensibilityGlobals) = postSolution
		SolutionGuid = {98063D76-A172-4B91-8102-471C9DDC53DC}
	EndGlobalSection
EndGlobal
